
Microsoft Visual Studio Solution File, Format Version 12.00
# Visual Studio Version 16
VisualStudioVersion = 16.0.31624.102
MinimumVisualStudioVersion = 10.0.40219.1
Project("{9A19103F-16F7-4668-BE54-9A1E7A4F7556}") = "CodeSample-CW", "CodeSample-CW.csproj", "{FEA008D4-35B9-4C56-A671-08F8BC858B1A}"
EndProject
Project("{9A19103F-16F7-4668-BE54-9A1E7A4F7556}") = "BLL", "..\BLL\BLL.csproj", "{05C290BC-4593-4B09-8EDE-82928BE8F00F}"
EndProject
Project("{9A19103F-16F7-4668-BE54-9A1E7A4F7556}") = "DataEF", "..\DataEF\DataEF.csproj", "{0CB3162E-6D70-419D-A099-D80D4E3D8F50}"
EndProject
Project("{9A19103F-16F7-4668-BE54-9A1E7A4F7556}") = "Domain", "..\Domain\Domain.csproj", "{40BA8B77-C16B-46CB-A4C1-593AC31A6FE4}"
EndProject
Global
	GlobalSection(SolutionConfigurationPlatforms) = preSolution
		Debug|Any CPU = Debug|Any CPU
		Release|Any CPU = Release|Any CPU
	EndGlobalSection
	GlobalSection(ProjectConfigurationPlatforms) = postSolution
		{FEA008D4-35B9-4C56-A671-08F8BC858B1A}.Debug|Any CPU.ActiveCfg = Debug|Any CPU
		{FEA008D4-35B9-4C56-A671-08F8BC858B1A}.Debug|Any CPU.Build.0 = Debug|Any CPU
		{FEA008D4-35B9-4C56-A671-08F8BC858B1A}.Release|Any CPU.ActiveCfg = Release|Any CPU
		{FEA008D4-35B9-4C56-A671-08F8BC858B1A}.Release|Any CPU.Build.0 = Release|Any CPU
		{05C290BC-4593-4B09-8EDE-82928BE8F00F}.Debug|Any CPU.ActiveCfg = Debug|Any CPU
		{05C290BC-4593-4B09-8EDE-82928BE8F00F}.Debug|Any CPU.Build.0 = Debug|Any CPU
		{05C290BC-4593-4B09-8EDE-82928BE8F00F}.Release|Any CPU.ActiveCfg = Release|Any CPU
		{05C290BC-4593-4B09-8EDE-82928BE8F00F}.Release|Any CPU.Build.0 = Release|Any CPU
		{0CB3162E-6D70-419D-A099-D80D4E3D8F50}.Debug|Any CPU.ActiveCfg = Debug|Any CPU
		{0CB3162E-6D70-419D-A099-D80D4E3D8F50}.Debug|Any CPU.Build.0 = Debug|Any CPU
		{0CB3162E-6D70-419D-A099-D80D4E3D8F50}.Release|Any CPU.ActiveCfg = Release|Any CPU
		{0CB3162E-6D70-419D-A099-D80D4E3D8F50}.Release|Any CPU.Build.0 = Release|Any CPU
		{40BA8B77-C16B-46CB-A4C1-593AC31A6FE4}.Debug|Any CPU.ActiveCfg = Debug|Any CPU
		{40BA8B77-C16B-46CB-A4C1-593AC31A6FE4}.Debug|Any CPU.Build.0 = Debug|Any CPU
		{40BA8B77-C16B-46CB-A4C1-593AC31A6FE4}.Release|Any CPU.ActiveCfg = Release|Any CPU
		{40BA8B77-C16B-46CB-A4C1-593AC31A6FE4}.Release|Any CPU.Build.0 = Release|Any CPU
	EndGlobalSection
	GlobalSection(SolutionProperties) = preSolution
		HideSolutionNode = FALSE
	EndGlobalSection
	GlobalSection(ExtensibilityGlobals) = postSolution
		SolutionGuid = {85F6456C-7FB6-4DE2-8B23-6C1BAF6FE211}
	EndGlobalSection
EndGlobal
